lockfileVersion: 5.4

specifiers:
  '@protobuf-ts/plugin': ^2.9.4
  '@protobuf-ts/runtime': ^2.9.4
  '@protobuf-ts/runtime-rpc': ^2.9.4
  typescript: ^5.4.5

dependencies:
  '@protobuf-ts/plugin': 2.9.4
  '@protobuf-ts/runtime': 2.9.4
  '@protobuf-ts/runtime-rpc': 2.9.4

devDependencies:
  typescript: 5.4.5

packages:

  /@protobuf-ts/plugin-framework/2.9.4:
    resolution: {integrity: sha512-9nuX1kjdMliv+Pes8dQCKyVhjKgNNfwxVHg+tx3fLXSfZZRcUHMc1PMwB9/vTvc6gBKt9QGz5ERqSqZc0++E9A==}
    dependencies:
      '@protobuf-ts/runtime': 2.9.4
      typescript: 3.9.10
    dev: false

  /@protobuf-ts/plugin/2.9.4:
    resolution: {integrity: sha512-Db5Laq5T3mc6ERZvhIhkj1rn57/p8gbWiCKxQWbZBBl20wMuqKoHbRw4tuD7FyXi+IkwTToaNVXymv5CY3E8Rw==}
    hasBin: true
    dependencies:
      '@protobuf-ts/plugin-framework': 2.9.4
      '@protobuf-ts/protoc': 2.9.4
      '@protobuf-ts/runtime': 2.9.4
      '@protobuf-ts/runtime-rpc': 2.9.4
      typescript: 3.9.10
    dev: false

  /@protobuf-ts/protoc/2.9.4:
    resolution: {integrity: sha512-hQX+nOhFtrA+YdAXsXEDrLoGJqXHpgv4+BueYF0S9hy/Jq0VRTVlJS1Etmf4qlMt/WdigEes5LOd/LDzui4GIQ==}
    hasBin: true
    dev: false

  /@protobuf-ts/runtime-rpc/2.9.4:
    resolution: {integrity: sha512-y9L9JgnZxXFqH5vD4d7j9duWvIJ7AShyBRoNKJGhu9Q27qIbchfzli66H9RvrQNIFk5ER7z1Twe059WZGqERcA==}
    dependencies:
      '@protobuf-ts/runtime': 2.9.4
    dev: false

  /@protobuf-ts/runtime/2.9.4:
    resolution: {integrity: sha512-vHRFWtJJB/SiogWDF0ypoKfRIZ41Kq+G9cEFj6Qm1eQaAhJ1LDFvgZ7Ja4tb3iLOQhz0PaoPnnOijF1qmEqTxg==}
    dev: false

  /typescript/3.9.10:
    resolution: {integrity: sha512-w6fIxVE/H1PkLKcCPsFqKE7Kv7QUwhU8qQY2MueZXWx5cPZdwFupLgKK3vntcK98BtNHZtAF4LA/yl2a7k8R6Q==}
    engines: {node: '>=4.2.0'}
    hasBin: true
    dev: false

  /typescript/5.4.5:
    resolution: {integrity: sha512-vcI4UpRgg81oIRUFwR0WSIHKt11nJ7SAVlYNIu+QpqeyXP+gpQJy/Z4+F0aGxSE4MqwjyXvW/TzgkLAx2AGHwQ==}
    engines: {node: '>=14.17'}
    hasBin: true
    dev: true
